// !$*UTF8*$!
{
	archiveVersion = 1;
	classes = {
	};
	objectVersion = 50;
	objects = {

/* Begin PBXBuildFile section */
		0E67B024BC41645D4E35476D /* Pods_FallingWords.framework in Frameworks */ = {isa = PBXBuildFile; fileRef = 17D84DDE38CD474E6DE0BEE9 /* Pods_FallingWords.framework */; };
		38127C4ECA3521095906225D /* Pods_FallingWordsTests.framework in Frameworks */ = {isa = PBXBuildFile; fileRef = 12455CCB372EB1CDD3098E9E /* Pods_FallingWordsTests.framework */; };
		494EE325D54F51D8E73463EE /* Pods_FallingWordsUITests.framework in Frameworks */ = {isa = PBXBuildFile; fileRef = 4722C0B3D000B6F087F8C980 /* Pods_FallingWordsUITests.framework */; };
		4F4319AC21203A70004DD923 /* GameEndView.xib in Resources */ = {isa = PBXBuildFile; fileRef = 4F4319AB21203A70004DD923 /* GameEndView.xib */; };
		4F4319AF21203B17004DD923 /* EndGameViewController.swift in Sources */ = {isa = PBXBuildFile; fileRef = 4F4319AE21203B17004DD923 /* EndGameViewController.swift */; };
		4F4319B321204419004DD923 /* GameResultProvidable.swift in Sources */ = {isa = PBXBuildFile; fileRef = 4F4319B221204419004DD923 /* GameResultProvidable.swift */; };
		4F4319B521204465004DD923 /* GameResultProvider.swift in Sources */ = {isa = PBXBuildFile; fileRef = 4F4319B421204465004DD923 /* GameResultProvider.swift */; };
		4F4319B621205040004DD923 /* GameResultProvidable.swift in Sources */ = {isa = PBXBuildFile; fileRef = 4F4319B221204419004DD923 /* GameResultProvidable.swift */; };
		4F4319B721205043004DD923 /* GameResultProvider.swift in Sources */ = {isa = PBXBuildFile; fileRef = 4F4319B421204465004DD923 /* GameResultProvider.swift */; };
		4F4319B8212050AD004DD923 /* WordsSampleRetriever.swift in Sources */ = {isa = PBXBuildFile; fileRef = 4FFAAA4A211F3C3600731D72 /* WordsSampleRetriever.swift */; };
		4F5FB60B211C997900D0D2D4 /* words.json in Resources */ = {isa = PBXBuildFile; fileRef = 4F5FB60A211C997900D0D2D4 /* words.json */; };
		4F8D60C5211CA30100B50829 /* Word.swift in Sources */ = {isa = PBXBuildFile; fileRef = 4F8D60C4211CA30100B50829 /* Word.swift */; };
		4FF59073211C314200A084BD /* AppDelegate.swift in Sources */ = {isa = PBXBuildFile; fileRef = 4FF59072211C314200A084BD /* AppDelegate.swift */; };
		4FF59075211C314200A084BD /* GameViewController.swift in Sources */ = {isa = PBXBuildFile; fileRef = 4FF59074211C314200A084BD /* GameViewController.swift */; };
		4FF59078211C314200A084BD /* Main.storyboard in Resources */ = {isa = PBXBuildFile; fileRef = 4FF59076211C314200A084BD /* Main.storyboard */; };
		4FF5907A211C314300A084BD /* Assets.xcassets in Resources */ = {isa = PBXBuildFile; fileRef = 4FF59079211C314300A084BD /* Assets.xcassets */; };
		4FF5907D211C314300A084BD /* LaunchScreen.storyboard in Resources */ = {isa = PBXBuildFile; fileRef = 4FF5907B211C314300A084BD /* LaunchScreen.storyboard */; };
		4FF59093211C314300A084BD /* FallingWordsUITests.swift in Sources */ = {isa = PBXBuildFile; fileRef = 4FF59092211C314300A084BD /* FallingWordsUITests.swift */; };
		4FFAA9A0211F186900731D72 /* WordTests.swift in Sources */ = {isa = PBXBuildFile; fileRef = 4FFAA99F211F186900731D72 /* WordTests.swift */; };
		4FFAA9A1211F188B00731D72 /* Word.swift in Sources */ = {isa = PBXBuildFile; fileRef = 4F8D60C4211CA30100B50829 /* Word.swift */; };
		4FFAAA38211F2C3B00731D72 /* Player.swift in Sources */ = {isa = PBXBuildFile; fileRef = 4FFAAA37211F2C3A00731D72 /* Player.swift */; };
		4FFAAA3C211F2C5A00731D72 /* Button+FontIcon.swift in Sources */ = {isa = PBXBuildFile; fileRef = 4FFAAA3A211F2C5A00731D72 /* Button+FontIcon.swift */; };
		4FFAAA3D211F2C5A00731D72 /* UILabel+Fade.swift in Sources */ = {isa = PBXBuildFile; fileRef = 4FFAAA3B211F2C5A00731D72 /* UILabel+Fade.swift */; };
		4FFAAA41211F2CE800731D72 /* Round.swift in Sources */ = {isa = PBXBuildFile; fileRef = 4FFAAA40211F2CE800731D72 /* Round.swift */; };
		4FFAAA43211F2D9400731D72 /* RoundTests.swift in Sources */ = {isa = PBXBuildFile; fileRef = 4FFAAA42211F2D9400731D72 /* RoundTests.swift */; };
		4FFAAA44211F2DC400731D72 /* Round.swift in Sources */ = {isa = PBXBuildFile; fileRef = 4FFAAA40211F2CE800731D72 /* Round.swift */; };
		4FFAAA47211F3C1500731D72 /* Notification+Name.swift in Sources */ = {isa = PBXBuildFile; fileRef = 4FFAAA46211F3C1500731D72 /* Notification+Name.swift */; };
		4FFAAA4B211F3C3600731D72 /* WordsSampleRetriever.swift in Sources */ = {isa = PBXBuildFile; fileRef = 4FFAAA4A211F3C3600731D72 /* WordsSampleRetriever.swift */; };
		4FFAAA4D211F3CBE00731D72 /* RoundProvider.swift in Sources */ = {isa = PBXBuildFile; fileRef = 4FFAAA4C211F3CBE00731D72 /* RoundProvider.swift */; };
		4FFAAA4F211F3CF600731D72 /* RoundCreatable.swift in Sources */ = {isa = PBXBuildFile; fileRef = 4FFAAA4E211F3CF600731D72 /* RoundCreatable.swift */; };
		4FFAAA55211F3E9600731D72 /* RoundProvider.swift in Sources */ = {isa = PBXBuildFile; fileRef = 4FFAAA4C211F3CBE00731D72 /* RoundProvider.swift */; };
		4FFAAA5B211F698600731D72 /* WordParser.swift in Sources */ = {isa = PBXBuildFile; fileRef = 4FFAAA5A211F698600731D72 /* WordParser.swift */; };
		4FFAAA5C211F69EC00731D72 /* WordParser.swift in Sources */ = {isa = PBXBuildFile; fileRef = 4FFAAA5A211F698600731D72 /* WordParser.swift */; };
		4FFAAA5E211F6A6100731D72 /* GenerateWordCollection.swift in Sources */ = {isa = PBXBuildFile; fileRef = 4FFAAA5D211F6A6100731D72 /* GenerateWordCollection.swift */; };
		4FFAAA61211F6E9B00731D72 /* NotificationKeysEnum.swift in Sources */ = {isa = PBXBuildFile; fileRef = 4FFAAA60211F6E9B00731D72 /* NotificationKeysEnum.swift */; };
		4FFAAA62211F6FCF00731D72 /* NotificationKeysEnum.swift in Sources */ = {isa = PBXBuildFile; fileRef = 4FFAAA60211F6E9B00731D72 /* NotificationKeysEnum.swift */; };
		4FFAAA63211F724B00731D72 /* Notification+Name.swift in Sources */ = {isa = PBXBuildFile; fileRef = 4FFAAA46211F3C1500731D72 /* Notification+Name.swift */; };
		4FFAAA64211F726400731D72 /* RoundCreatable.swift in Sources */ = {isa = PBXBuildFile; fileRef = 4FFAAA4E211F3CF600731D72 /* RoundCreatable.swift */; };
		4FFAAA65211F727700731D72 /* Player.swift in Sources */ = {isa = PBXBuildFile; fileRef = 4FFAAA37211F2C3A00731D72 /* Player.swift */; };
		4FFAAA69211F7A5200731D72 /* Game.swift in Sources */ = {isa = PBXBuildFile; fileRef = 4FFAAA68211F7A5200731D72 /* Game.swift */; };
		4FFAAA6A211F7A5200731D72 /* Game.swift in Sources */ = {isa = PBXBuildFile; fileRef = 4FFAAA68211F7A5200731D72 /* Game.swift */; };
		4FFAAA6D211F7FA900731D72 /* GameTests.swift in Sources */ = {isa = PBXBuildFile; fileRef = 4FFAAA6B211F7FA900731D72 /* GameTests.swift */; };
		4FFAAA6F211F843200731D72 /* ScoreProvider.swift in Sources */ = {isa = PBXBuildFile; fileRef = 4FFAAA6E211F843200731D72 /* ScoreProvider.swift */; };
		4FFAAA70211F843200731D72 /* ScoreProvider.swift in Sources */ = {isa = PBXBuildFile; fileRef = 4FFAAA6E211F843200731D72 /* ScoreProvider.swift */; };
		4FFAAA73211F86DD00731D72 /* ScoreProviderTests.swift in Sources */ = {isa = PBXBuildFile; fileRef = 4FFAAA71211F86DD00731D72 /* ScoreProviderTests.swift */; };
		4FFAAA75211F8B1600731D72 /* ScoreProvidable.swift in Sources */ = {isa = PBXBuildFile; fileRef = 4FFAAA74211F8B1600731D72 /* ScoreProvidable.swift */; };
		4FFAAA76211F8B1600731D72 /* ScoreProvidable.swift in Sources */ = {isa = PBXBuildFile; fileRef = 4FFAAA74211F8B1600731D72 /* ScoreProvidable.swift */; };
		4FFAAA78211F94FD00731D72 /* GameInitializer.swift in Sources */ = {isa = PBXBuildFile; fileRef = 4FFAAA77211F94FD00731D72 /* GameInitializer.swift */; };
		4FFAAA79211F94FD00731D72 /* GameInitializer.swift in Sources */ = {isa = PBXBuildFile; fileRef = 4FFAAA77211F94FD00731D72 /* GameInitializer.swift */; };
		4FFAAA7B211F956900731D72 /* GameCreatable.swift in Sources */ = {isa = PBXBuildFile; fileRef = 4FFAAA7A211F956900731D72 /* GameCreatable.swift */; };
		4FFAAA7C211F956900731D72 /* GameCreatable.swift in Sources */ = {isa = PBXBuildFile; fileRef = 4FFAAA7A211F956900731D72 /* GameCreatable.swift */; };
/* End PBXBuildFile section */

/* Begin PBXContainerItemProxy section */
		4FF59084211C314300A084BD /* PBXContainerItemProxy */ = {
			isa = PBXContainerItemProxy;
			containerPortal = 4FF59067211C314200A084BD /* Project object */;
			proxyType = 1;
			remoteGlobalIDString = 4FF5906E211C314200A084BD;
			remoteInfo = FallingWords;
		};
		4FF5908F211C314300A084BD /* PBXContainerItemProxy */ = {
			isa = PBXContainerItemProxy;
			containerPortal = 4FF59067211C314200A084BD /* Project object */;
			proxyType = 1;
			remoteGlobalIDString = 4FF5906E211C314200A084BD;
			remoteInfo = FallingWords;
		};
/* End PBXContainerItemProxy section */

/* Begin PBXFileReference section */
		0082284EC2018A9EED24EA1E /* Pods-FallingWordsTests.release.xcconfig */ = {isa = PBXFileReference; includeInIndex = 1; lastKnownFileType = text.xcconfig; name = "Pods-FallingWordsTests.release.xcconfig"; path = "Pods/Target Support Files/Pods-FallingWordsTests/Pods-FallingWordsTests.release.xcconfig"; sourceTree = "<group>"; };
		12455CCB372EB1CDD3098E9E /* Pods_FallingWordsTests.framework */ = {isa = PBXFileReference; explicitFileType = wrapper.framework; includeInIndex = 0; path = Pods_FallingWordsTests.framework; sourceTree = BUILT_PRODUCTS_DIR; };
		17D84DDE38CD474E6DE0BEE9 /* Pods_FallingWords.framework */ = {isa = PBXFileReference; explicitFileType = wrapper.framework; includeInIndex = 0; path = Pods_FallingWords.framework; sourceTree = BUILT_PRODUCTS_DIR; };
		316693A7D18963E511A24E0A /* Pods-FallingWords.release.xcconfig */ = {isa = PBXFileReference; includeInIndex = 1; lastKnownFileType = text.xcconfig; name = "Pods-FallingWords.release.xcconfig"; path = "Pods/Target Support Files/Pods-FallingWords/Pods-FallingWords.release.xcconfig"; sourceTree = "<group>"; };
		3DFBC83826860A4DA869862C /* Pods-FallingWords.debug.xcconfig */ = {isa = PBXFileReference; includeInIndex = 1; lastKnownFileType = text.xcconfig; name = "Pods-FallingWords.debug.xcconfig"; path = "Pods/Target Support Files/Pods-FallingWords/Pods-FallingWords.debug.xcconfig"; sourceTree = "<group>"; };
		4722C0B3D000B6F087F8C980 /* Pods_FallingWordsUITests.framework */ = {isa = PBXFileReference; explicitFileType = wrapper.framework; includeInIndex = 0; path = Pods_FallingWordsUITests.framework; sourceTree = BUILT_PRODUCTS_DIR; };
		4F4319AB21203A70004DD923 /* GameEndView.xib */ = {isa = PBXFileReference; lastKnownFileType = file.xib; path = GameEndView.xib; sourceTree = "<group>"; };
		4F4319AE21203B17004DD923 /* EndGameViewController.swift */ = {isa = PBXFileReference; lastKnownFileType = sourcecode.swift; path = EndGameViewController.swift; sourceTree = "<group>"; };
		4F4319B221204419004DD923 /* GameResultProvidable.swift */ = {isa = PBXFileReference; lastKnownFileType = sourcecode.swift; path = GameResultProvidable.swift; sourceTree = "<group>"; };
		4F4319B421204465004DD923 /* GameResultProvider.swift */ = {isa = PBXFileReference; lastKnownFileType = sourcecode.swift; path = GameResultProvider.swift; sourceTree = "<group>"; };
		4F5FB60A211C997900D0D2D4 /* words.json */ = {isa = PBXFileReference; fileEncoding = 4; lastKnownFileType = text.json; path = words.json; sourceTree = "<group>"; };
		4F8D60C4211CA30100B50829 /* Word.swift */ = {isa = PBXFileReference; lastKnownFileType = sourcecode.swift; path = Word.swift; sourceTree = "<group>"; };
		4FF5906F211C314200A084BD /* FallingWords.app */ = {isa = PBXFileReference; explicitFileType = wrapper.application; includeInIndex = 0; path = FallingWords.app; sourceTree = BUILT_PRODUCTS_DIR; };
		4FF59072211C314200A084BD /* AppDelegate.swift */ = {isa = PBXFileReference; lastKnownFileType = sourcecode.swift; path = AppDelegate.swift; sourceTree = "<group>"; };
		4FF59074211C314200A084BD /* GameViewController.swift */ = {isa = PBXFileReference; lastKnownFileType = sourcecode.swift; path = GameViewController.swift; sourceTree = "<group>"; };
		4FF59077211C314200A084BD /* Base */ = {isa = PBXFileReference; lastKnownFileType = file.storyboard; name = Base; path = Base.lproj/Main.storyboard; sourceTree = "<group>"; };
		4FF59079211C314300A084BD /* Assets.xcassets */ = {isa = PBXFileReference; lastKnownFileType = folder.assetcatalog; path = Assets.xcassets; sourceTree = "<group>"; };
		4FF5907C211C314300A084BD /* Base */ = {isa = PBXFileReference; lastKnownFileType = file.storyboard; name = Base; path = Base.lproj/LaunchScreen.storyboard; sourceTree = "<group>"; };
		4FF5907E211C314300A084BD /* Info.plist */ = {isa = PBXFileReference; lastKnownFileType = text.plist.xml; path = Info.plist; sourceTree = "<group>"; };
		4FF59083211C314300A084BD /* FallingWordsTests.xctest */ = {isa = PBXFileReference; explicitFileType = wrapper.cfbundle; includeInIndex = 0; path = FallingWordsTests.xctest; sourceTree = BUILT_PRODUCTS_DIR; };
		4FF59089211C314300A084BD /* Info.plist */ = {isa = PBXFileReference; lastKnownFileType = text.plist.xml; path = Info.plist; sourceTree = "<group>"; };
		4FF5908E211C314300A084BD /* FallingWordsUITests.xctest */ = {isa = PBXFileReference; explicitFileType = wrapper.cfbundle; includeInIndex = 0; path = FallingWordsUITests.xctest; sourceTree = BUILT_PRODUCTS_DIR; };
		4FF59092211C314300A084BD /* FallingWordsUITests.swift */ = {isa = PBXFileReference; lastKnownFileType = sourcecode.swift; path = FallingWordsUITests.swift; sourceTree = "<group>"; };
		4FF59094211C314300A084BD /* Info.plist */ = {isa = PBXFileReference; lastKnownFileType = text.plist.xml; path = Info.plist; sourceTree = "<group>"; };
		4FFAA99F211F186900731D72 /* WordTests.swift */ = {isa = PBXFileReference; lastKnownFileType = sourcecode.swift; path = WordTests.swift; sourceTree = "<group>"; };
		4FFAAA37211F2C3A00731D72 /* Player.swift */ = {isa = PBXFileReference; fileEncoding = 4; lastKnownFileType = sourcecode.swift; path = Player.swift; sourceTree = "<group>"; };
		4FFAAA3A211F2C5A00731D72 /* Button+FontIcon.swift */ = {isa = PBXFileReference; fileEncoding = 4; lastKnownFileType = sourcecode.swift; name = "Button+FontIcon.swift"; path = "Extensions/Button+FontIcon.swift"; sourceTree = "<group>"; };
		4FFAAA3B211F2C5A00731D72 /* UILabel+Fade.swift */ = {isa = PBXFileReference; fileEncoding = 4; lastKnownFileType = sourcecode.swift; name = "UILabel+Fade.swift"; path = "Extensions/UILabel+Fade.swift"; sourceTree = "<group>"; };
		4FFAAA40211F2CE800731D72 /* Round.swift */ = {isa = PBXFileReference; lastKnownFileType = sourcecode.swift; path = Round.swift; sourceTree = "<group>"; };
		4FFAAA42211F2D9400731D72 /* RoundTests.swift */ = {isa = PBXFileReference; lastKnownFileType = sourcecode.swift; path = RoundTests.swift; sourceTree = "<group>"; };
		4FFAAA46211F3C1500731D72 /* Notification+Name.swift */ = {isa = PBXFileReference; fileEncoding = 4; lastKnownFileType = sourcecode.swift; path = "Notification+Name.swift"; sourceTree = "<group>"; };
		4FFAAA4A211F3C3600731D72 /* WordsSampleRetriever.swift */ = {isa = PBXFileReference; fileEncoding = 4; lastKnownFileType = sourcecode.swift; name = WordsSampleRetriever.swift; path = DataSource/WordsSampleRetriever.swift; sourceTree = "<group>"; };
		4FFAAA4C211F3CBE00731D72 /* RoundProvider.swift */ = {isa = PBXFileReference; lastKnownFileType = sourcecode.swift; path = RoundProvider.swift; sourceTree = "<group>"; };
		4FFAAA4E211F3CF600731D72 /* RoundCreatable.swift */ = {isa = PBXFileReference; lastKnownFileType = sourcecode.swift; path = RoundCreatable.swift; sourceTree = "<group>"; };
		4FFAAA5A211F698600731D72 /* WordParser.swift */ = {isa = PBXFileReference; lastKnownFileType = sourcecode.swift; name = WordParser.swift; path = DataSource/WordParser.swift; sourceTree = "<group>"; };
		4FFAAA5D211F6A6100731D72 /* GenerateWordCollection.swift */ = {isa = PBXFileReference; lastKnownFileType = sourcecode.swift; path = GenerateWordCollection.swift; sourceTree = "<group>"; };
		4FFAAA60211F6E9B00731D72 /* NotificationKeysEnum.swift */ = {isa = PBXFileReference; lastKnownFileType = sourcecode.swift; path = NotificationKeysEnum.swift; sourceTree = "<group>"; };
		4FFAAA68211F7A5200731D72 /* Game.swift */ = {isa = PBXFileReference; lastKnownFileType = sourcecode.swift; path = Game.swift; sourceTree = "<group>"; };
		4FFAAA6B211F7FA900731D72 /* GameTests.swift */ = {isa = PBXFileReference; lastKnownFileType = sourcecode.swift; path = GameTests.swift; sourceTree = "<group>"; };
		4FFAAA6E211F843200731D72 /* ScoreProvider.swift */ = {isa = PBXFileReference; lastKnownFileType = sourcecode.swift; path = ScoreProvider.swift; sourceTree = "<group>"; };
		4FFAAA71211F86DD00731D72 /* ScoreProviderTests.swift */ = {isa = PBXFileReference; lastKnownFileType = sourcecode.swift; path = ScoreProviderTests.swift; sourceTree = "<group>"; };
		4FFAAA74211F8B1600731D72 /* ScoreProvidable.swift */ = {isa = PBXFileReference; lastKnownFileType = sourcecode.swift; path = ScoreProvidable.swift; sourceTree = "<group>"; };
		4FFAAA77211F94FD00731D72 /* GameInitializer.swift */ = {isa = PBXFileReference; lastKnownFileType = sourcecode.swift; path = GameInitializer.swift; sourceTree = "<group>"; };
		4FFAAA7A211F956900731D72 /* GameCreatable.swift */ = {isa = PBXFileReference; lastKnownFileType = sourcecode.swift; name = GameCreatable.swift; path = FallingWords/Protocols/GameCreatable.swift; sourceTree = SOURCE_ROOT; };
		5135ABE5CA7EC2731B6C17F6 /* Pods-FallingWordsUITests.debug.xcconfig */ = {isa = PBXFileReference; includeInIndex = 1; lastKnownFileType = text.xcconfig; name = "Pods-FallingWordsUITests.debug.xcconfig"; path = "Pods/Target Support Files/Pods-FallingWordsUITests/Pods-FallingWordsUITests.debug.xcconfig"; sourceTree = "<group>"; };
		C85EB01D401A55E5A462A844 /* Pods-FallingWordsTests.debug.xcconfig */ = {isa = PBXFileReference; includeInIndex = 1; lastKnownFileType = text.xcconfig; name = "Pods-FallingWordsTests.debug.xcconfig"; path = "Pods/Target Support Files/Pods-FallingWordsTests/Pods-FallingWordsTests.debug.xcconfig"; sourceTree = "<group>"; };
		CD72627E50CDA71C0095BEB2 /* Pods-FallingWordsUITests.release.xcconfig */ = {isa = PBXFileReference; includeInIndex = 1; lastKnownFileType = text.xcconfig; name = "Pods-FallingWordsUITests.release.xcconfig"; path = "Pods/Target Support Files/Pods-FallingWordsUITests/Pods-FallingWordsUITests.release.xcconfig"; sourceTree = "<group>"; };
/* End PBXFileReference section */

/* Begin PBXFrameworksBuildPhase section */
		4FF5906C211C314200A084BD /* Frameworks */ = {
			isa = PBXFrameworksBuildPhase;
			buildActionMask = 2147483647;
			files = (
				0E67B024BC41645D4E35476D /* Pods_FallingWords.framework in Frameworks */,
			);
			runOnlyForDeploymentPostprocessing = 0;
		};
		4FF59080211C314300A084BD /* Frameworks */ = {
			isa = PBXFrameworksBuildPhase;
			buildActionMask = 2147483647;
			files = (
				38127C4ECA3521095906225D /* Pods_FallingWordsTests.framework in Frameworks */,
			);
			runOnlyForDeploymentPostprocessing = 0;
		};
		4FF5908B211C314300A084BD /* Frameworks */ = {
			isa = PBXFrameworksBuildPhase;
			buildActionMask = 2147483647;
			files = (
				494EE325D54F51D8E73463EE /* Pods_FallingWordsUITests.framework in Frameworks */,
			);
			runOnlyForDeploymentPostprocessing = 0;
		};
/* End PBXFrameworksBuildPhase section */

/* Begin PBXGroup section */
		4CB6CDB3C219401B20B2DF2E /* Frameworks */ = {
			isa = PBXGroup;
			children = (
				17D84DDE38CD474E6DE0BEE9 /* Pods_FallingWords.framework */,
				12455CCB372EB1CDD3098E9E /* Pods_FallingWordsTests.framework */,
				4722C0B3D000B6F087F8C980 /* Pods_FallingWordsUITests.framework */,
			);
			name = Frameworks;
			sourceTree = "<group>";
		};
		4F4319AD21203AF8004DD923 /* Controllers */ = {
			isa = PBXGroup;
			children = (
				4FF59074211C314200A084BD /* GameViewController.swift */,
				4F4319AE21203B17004DD923 /* EndGameViewController.swift */,
			);
			path = Controllers;
			sourceTree = "<group>";
		};
		4F8D60C3211CA29400B50829 /* Models */ = {
			isa = PBXGroup;
			children = (
				4FFAAA37211F2C3A00731D72 /* Player.swift */,
				4F8D60C4211CA30100B50829 /* Word.swift */,
				4FFAAA40211F2CE800731D72 /* Round.swift */,
				4FFAAA4C211F3CBE00731D72 /* RoundProvider.swift */,
				4FFAAA68211F7A5200731D72 /* Game.swift */,
				4FFAAA6E211F843200731D72 /* ScoreProvider.swift */,
				4F4319B421204465004DD923 /* GameResultProvider.swift */,
			);
			path = Models;
			sourceTree = "<group>";
		};
		4FF59066211C314200A084BD = {
			isa = PBXGroup;
			children = (
				4FF59071211C314200A084BD /* FallingWords */,
				4FF59086211C314300A084BD /* FallingWordsTests */,
				4FF59091211C314300A084BD /* FallingWordsUITests */,
				4FF59070211C314200A084BD /* Products */,
				74D5A69DEB1FB04C00389472 /* Pods */,
				4CB6CDB3C219401B20B2DF2E /* Frameworks */,
			);
			sourceTree = "<group>";
		};
		4FF59070211C314200A084BD /* Products */ = {
			isa = PBXGroup;
			children = (
				4FF5906F211C314200A084BD /* FallingWords.app */,
				4FF59083211C314300A084BD /* FallingWordsTests.xctest */,
				4FF5908E211C314300A084BD /* FallingWordsUITests.xctest */,
			);
			name = Products;
			sourceTree = "<group>";
		};
		4FF59071211C314200A084BD /* FallingWords */ = {
			isa = PBXGroup;
			children = (
				4F4319AD21203AF8004DD923 /* Controllers */,
				4FFAAA5F211F6E7700731D72 /* Utilities */,
				4FFAAA52211F3D5600731D72 /* Protocols */,
				4FFAAA49211F3C2800731D72 /* DataSource */,
				4FFAAA39211F2C4C00731D72 /* Extensions */,
				4F8D60C3211CA29400B50829 /* Models */,
				4F5FB60A211C997900D0D2D4 /* words.json */,
				4FF59072211C314200A084BD /* AppDelegate.swift */,
				4FF59076211C314200A084BD /* Main.storyboard */,
				4FF59079211C314300A084BD /* Assets.xcassets */,
				4FF5907B211C314300A084BD /* LaunchScreen.storyboard */,
				4FF5907E211C314300A084BD /* Info.plist */,
				4FFAAA77211F94FD00731D72 /* GameInitializer.swift */,
				4F4319AB21203A70004DD923 /* GameEndView.xib */,
			);
			path = FallingWords;
			sourceTree = "<group>";
		};
		4FF59086211C314300A084BD /* FallingWordsTests */ = {
			isa = PBXGroup;
			children = (
				4FF59089211C314300A084BD /* Info.plist */,
				4FFAAA6B211F7FA900731D72 /* GameTests.swift */,
				4FFAA99F211F186900731D72 /* WordTests.swift */,
				4FFAAA42211F2D9400731D72 /* RoundTests.swift */,
				4FFAAA5D211F6A6100731D72 /* GenerateWordCollection.swift */,
				4FFAAA71211F86DD00731D72 /* ScoreProviderTests.swift */,
			);
			path = FallingWordsTests;
			sourceTree = "<group>";
		};
		4FF59091211C314300A084BD /* FallingWordsUITests */ = {
			isa = PBXGroup;
			children = (
				4FF59092211C314300A084BD /* FallingWordsUITests.swift */,
				4FF59094211C314300A084BD /* Info.plist */,
			);
			path = FallingWordsUITests;
			sourceTree = "<group>";
		};
		4FFAAA39211F2C4C00731D72 /* Extensions */ = {
			isa = PBXGroup;
			children = (
				4FFAAA46211F3C1500731D72 /* Notification+Name.swift */,
				4FFAAA3A211F2C5A00731D72 /* Button+FontIcon.swift */,
				4FFAAA3B211F2C5A00731D72 /* UILabel+Fade.swift */,
			);
			name = Extensions;
			sourceTree = "<group>";
		};
		4FFAAA49211F3C2800731D72 /* DataSource */ = {
			isa = PBXGroup;
			children = (
				4FFAAA4A211F3C3600731D72 /* WordsSampleRetriever.swift */,
				4FFAAA5A211F698600731D72 /* WordParser.swift */,
			);
			name = DataSource;
			sourceTree = "<group>";
		};
		4FFAAA52211F3D5600731D72 /* Protocols */ = {
			isa = PBXGroup;
			children = (
				4FFAAA4E211F3CF600731D72 /* RoundCreatable.swift */,
				4FFAAA74211F8B1600731D72 /* ScoreProvidable.swift */,
				4FFAAA7A211F956900731D72 /* GameCreatable.swift */,
				4F4319B221204419004DD923 /* GameResultProvidable.swift */,
			);
			name = Protocols;
			path = "New Group";
			sourceTree = "<group>";
		};
		4FFAAA5F211F6E7700731D72 /* Utilities */ = {
			isa = PBXGroup;
			children = (
				4FFAAA60211F6E9B00731D72 /* NotificationKeysEnum.swift */,
			);
			path = Utilities;
			sourceTree = "<group>";
		};
		74D5A69DEB1FB04C00389472 /* Pods */ = {
			isa = PBXGroup;
			children = (
				3DFBC83826860A4DA869862C /* Pods-FallingWords.debug.xcconfig */,
				316693A7D18963E511A24E0A /* Pods-FallingWords.release.xcconfig */,
				C85EB01D401A55E5A462A844 /* Pods-FallingWordsTests.debug.xcconfig */,
				0082284EC2018A9EED24EA1E /* Pods-FallingWordsTests.release.xcconfig */,
				5135ABE5CA7EC2731B6C17F6 /* Pods-FallingWordsUITests.debug.xcconfig */,
				CD72627E50CDA71C0095BEB2 /* Pods-FallingWordsUITests.release.xcconfig */,
			);
			name = Pods;
			sourceTree = "<group>";
		};
/* End PBXGroup section */

/* Begin PBXNativeTarget section */
		4FF5906E211C314200A084BD /* FallingWords */ = {
			isa = PBXNativeTarget;
			buildConfigurationList = 4FF59097211C314300A084BD /* Build configuration list for PBXNativeTarget "FallingWords" */;
			buildPhases = (
				5A4E02E6FBAD10E1CCE690FC /* [CP] Check Pods Manifest.lock */,
				4FF5906B211C314200A084BD /* Sources */,
				4FF5906C211C314200A084BD /* Frameworks */,
				4FF5906D211C314200A084BD /* Resources */,
				291F8E4462952D59BD9BBB72 /* [CP] Embed Pods Frameworks */,
			);
			buildRules = (
			);
			dependencies = (
			);
			name = FallingWords;
			productName = FallingWords;
			productReference = 4FF5906F211C314200A084BD /* FallingWords.app */;
			productType = "com.apple.product-type.application";
		};
		4FF59082211C314300A084BD /* FallingWordsTests */ = {
			isa = PBXNativeTarget;
			buildConfigurationList = 4FF5909A211C314300A084BD /* Build configuration list for PBXNativeTarget "FallingWordsTests" */;
			buildPhases = (
				08069BBF144010DC883E9428 /* [CP] Check Pods Manifest.lock */,
				4FF5907F211C314300A084BD /* Sources */,
				4FF59080211C314300A084BD /* Frameworks */,
				4FF59081211C314300A084BD /* Resources */,
			);
			buildRules = (
			);
			dependencies = (
				4FF59085211C314300A084BD /* PBXTargetDependency */,
			);
			name = FallingWordsTests;
			productName = FallingWordsTests;
			productReference = 4FF59083211C314300A084BD /* FallingWordsTests.xctest */;
			productType = "com.apple.product-type.bundle.unit-test";
		};
		4FF5908D211C314300A084BD /* FallingWordsUITests */ = {
			isa = PBXNativeTarget;
			buildConfigurationList = 4FF5909D211C314300A084BD /* Build configuration list for PBXNativeTarget "FallingWordsUITests" */;
			buildPhases = (
				59F7D439303BFAABBB8CB119 /* [CP] Check Pods Manifest.lock */,
				4FF5908A211C314300A084BD /* Sources */,
				4FF5908B211C314300A084BD /* Frameworks */,
				4FF5908C211C314300A084BD /* Resources */,
			);
			buildRules = (
			);
			dependencies = (
				4FF59090211C314300A084BD /* PBXTargetDependency */,
			);
			name = FallingWordsUITests;
			productName = FallingWordsUITests;
			productReference = 4FF5908E211C314300A084BD /* FallingWordsUITests.xctest */;
			productType = "com.apple.product-type.bundle.ui-testing";
		};
/* End PBXNativeTarget section */

/* Begin PBXProject section */
		4FF59067211C314200A084BD /* Project object */ = {
			isa = PBXProject;
			attributes = {
				LastSwiftUpdateCheck = 0940;
				LastUpgradeCheck = 0940;
				ORGANIZATIONNAME = Beatriz;
				TargetAttributes = {
					4FF5906E211C314200A084BD = {
						CreatedOnToolsVersion = 9.4.1;
					};
					4FF59082211C314300A084BD = {
						CreatedOnToolsVersion = 9.4.1;
						TestTargetID = 4FF5906E211C314200A084BD;
					};
					4FF5908D211C314300A084BD = {
						CreatedOnToolsVersion = 9.4.1;
						TestTargetID = 4FF5906E211C314200A084BD;
					};
				};
			};
			buildConfigurationList = 4FF5906A211C314200A084BD /* Build configuration list for PBXProject "FallingWords" */;
			compatibilityVersion = "Xcode 9.3";
			developmentRegion = en;
			hasScannedForEncodings = 0;
			knownRegions = (
				en,
				Base,
			);
			mainGroup = 4FF59066211C314200A084BD;
			productRefGroup = 4FF59070211C314200A084BD /* Products */;
			projectDirPath = "";
			projectRoot = "";
			targets = (
				4FF5906E211C314200A084BD /* FallingWords */,
				4FF59082211C314300A084BD /* FallingWordsTests */,
				4FF5908D211C314300A084BD /* FallingWordsUITests */,
			);
		};
/* End PBXProject section */

/* Begin PBXResourcesBuildPhase section */
		4FF5906D211C314200A084BD /* Resources */ = {
			isa = PBXResourcesBuildPhase;
			buildActionMask = 2147483647;
			files = (
				4FF5907D211C314300A084BD /* LaunchScreen.storyboard in Resources */,
				4F5FB60B211C997900D0D2D4 /* words.json in Resources */,
				4F4319AC21203A70004DD923 /* GameEndView.xib in Resources */,
				4FF5907A211C314300A084BD /* Assets.xcassets in Resources */,
				4FF59078211C314200A084BD /* Main.storyboard in Resources */,
			);
			runOnlyForDeploymentPostprocessing = 0;
		};
		4FF59081211C314300A084BD /* Resources */ = {
			isa = PBXResourcesBuildPhase;
			buildActionMask = 2147483647;
			files = (
			);
			runOnlyForDeploymentPostprocessing = 0;
		};
		4FF5908C211C314300A084BD /* Resources */ = {
			isa = PBXResourcesBuildPhase;
			buildActionMask = 2147483647;
			files = (
			);
			runOnlyForDeploymentPostprocessing = 0;
		};
/* End PBXResourcesBuildPhase section */

/* Begin PBXShellScriptBuildPhase section */
		08069BBF144010DC883E9428 /* [CP] Check Pods Manifest.lock */ = {
			isa = PBXShellScriptBuildPhase;
			buildActionMask = 2147483647;
			files = (
			);
			inputPaths = (
				"${PODS_PODFILE_DIR_PATH}/Podfile.lock",
				"${PODS_ROOT}/Manifest.lock",
			);
			name = "[CP] Check Pods Manifest.lock";
			outputPaths = (
				"$(DERIVED_FILE_DIR)/Pods-FallingWordsTests-checkManifestLockResult.txt",
			);
			runOnlyForDeploymentPostprocessing = 0;
			shellPath = /bin/sh;
			shellScript = "diff \"${PODS_PODFILE_DIR_PATH}/Podfile.lock\" \"${PODS_ROOT}/Manifest.lock\" > /dev/null\nif [ $? != 0 ] ; then\n    # print error to STDERR\n    echo \"error: The sandbox is not in sync with the Podfile.lock. Run 'pod install' or update your CocoaPods installation.\" >&2\n    exit 1\nfi\n# This output is used by Xcode 'outputs' to avoid re-running this script phase.\necho \"SUCCESS\" > \"${SCRIPT_OUTPUT_FILE_0}\"\n";
			showEnvVarsInLog = 0;
		};
		291F8E4462952D59BD9BBB72 /* [CP] Embed Pods Frameworks */ = {
			isa = PBXShellScriptBuildPhase;
			buildActionMask = 2147483647;
			files = (
			);
			inputPaths = (
				"${BUILT_PRODUCTS_DIR}/FontAwesome.swift/FontAwesome_swift.framework",
			);
			name = "[CP] Embed Pods Frameworks";
			outputPaths = (
				"${TARGET_BUILD_DIR}/${FRAMEWORKS_FOLDER_PATH}/FontAwesome_swift.framework",
			);
			runOnlyForDeploymentPostprocessing = 0;
			shellPath = /bin/sh;
			shellScript = "\"${SRCROOT}/Pods/Target Support Files/Pods-FallingWords/Pods-FallingWords-frameworks.sh\"\n";
			showEnvVarsInLog = 0;
		};
		59F7D439303BFAABBB8CB119 /* [CP] Check Pods Manifest.lock */ = {
			isa = PBXShellScriptBuildPhase;
			buildActionMask = 2147483647;
			files = (
			);
			inputPaths = (
				"${PODS_PODFILE_DIR_PATH}/Podfile.lock",
				"${PODS_ROOT}/Manifest.lock",
			);
			name = "[CP] Check Pods Manifest.lock";
			outputPaths = (
				"$(DERIVED_FILE_DIR)/Pods-FallingWordsUITests-checkManifestLockResult.txt",
			);
			runOnlyForDeploymentPostprocessing = 0;
			shellPath = /bin/sh;
			shellScript = "diff \"${PODS_PODFILE_DIR_PATH}/Podfile.lock\" \"${PODS_ROOT}/Manifest.lock\" > /dev/null\nif [ $? != 0 ] ; then\n    # print error to STDERR\n    echo \"error: The sandbox is not in sync with the Podfile.lock. Run 'pod install' or update your CocoaPods installation.\" >&2\n    exit 1\nfi\n# This output is used by Xcode 'outputs' to avoid re-running this script phase.\necho \"SUCCESS\" > \"${SCRIPT_OUTPUT_FILE_0}\"\n";
			showEnvVarsInLog = 0;
		};
		5A4E02E6FBAD10E1CCE690FC /* [CP] Check Pods Manifest.lock */ = {
			isa = PBXShellScriptBuildPhase;
			buildActionMask = 2147483647;
			files = (
			);
			inputPaths = (
				"${PODS_PODFILE_DIR_PATH}/Podfile.lock",
				"${PODS_ROOT}/Manifest.lock",
			);
			name = "[CP] Check Pods Manifest.lock";
			outputPaths = (
				"$(DERIVED_FILE_DIR)/Pods-FallingWords-checkManifestLockResult.txt",
			);
			runOnlyForDeploymentPostprocessing = 0;
			shellPath = /bin/sh;
			shellScript = "diff \"${PODS_PODFILE_DIR_PATH}/Podfile.lock\" \"${PODS_ROOT}/Manifest.lock\" > /dev/null\nif [ $? != 0 ] ; then\n    # print error to STDERR\n    echo \"error: The sandbox is not in sync with the Podfile.lock. Run 'pod install' or update your CocoaPods installation.\" >&2\n    exit 1\nfi\n# This output is used by Xcode 'outputs' to avoid re-running this script phase.\necho \"SUCCESS\" > \"${SCRIPT_OUTPUT_FILE_0}\"\n";
			showEnvVarsInLog = 0;
		};
/* End PBXShellScriptBuildPhase section */

/* Begin PBXSourcesBuildPhase section */
		4FF5906B211C314200A084BD /* Sources */ = {
			isa = PBXSourcesBuildPhase;
			buildActionMask = 2147483647;
			files = (
				4FFAAA5B211F698600731D72 /* WordParser.swift in Sources */,
				4FFAAA6F211F843200731D72 /* ScoreProvider.swift in Sources */,
				4FF59075211C314200A084BD /* GameViewController.swift in Sources */,
				4FFAAA61211F6E9B00731D72 /* NotificationKeysEnum.swift in Sources */,
				4FFAAA75211F8B1600731D72 /* ScoreProvidable.swift in Sources */,
				4FFAAA4D211F3CBE00731D72 /* RoundProvider.swift in Sources */,
				4FFAAA4B211F3C3600731D72 /* WordsSampleRetriever.swift in Sources */,
				4FFAAA4F211F3CF600731D72 /* RoundCreatable.swift in Sources */,
				4FFAAA41211F2CE800731D72 /* Round.swift in Sources */,
				4FFAAA3C211F2C5A00731D72 /* Button+FontIcon.swift in Sources */,
				4F8D60C5211CA30100B50829 /* Word.swift in Sources */,
				4F4319B521204465004DD923 /* GameResultProvider.swift in Sources */,
				4FFAAA7B211F956900731D72 /* GameCreatable.swift in Sources */,
				4FFAAA69211F7A5200731D72 /* Game.swift in Sources */,
				4F4319AF21203B17004DD923 /* EndGameViewController.swift in Sources */,
				4F4319B321204419004DD923 /* GameResultProvidable.swift in Sources */,
				4FFAAA78211F94FD00731D72 /* GameInitializer.swift in Sources */,
				4FFAAA38211F2C3B00731D72 /* Player.swift in Sources */,
				4FFAAA47211F3C1500731D72 /* Notification+Name.swift in Sources */,
				4FF59073211C314200A084BD /* AppDelegate.swift in Sources */,
				4FFAAA3D211F2C5A00731D72 /* UILabel+Fade.swift in Sources */,
			);
			runOnlyForDeploymentPostprocessing = 0;
		};
		4FF5907F211C314300A084BD /* Sources */ = {
			isa = PBXSourcesBuildPhase;
			buildActionMask = 2147483647;
			files = (
				4FFAAA64211F726400731D72 /* RoundCreatable.swift in Sources */,
				4F4319B8212050AD004DD923 /* WordsSampleRetriever.swift in Sources */,
				4FFAAA43211F2D9400731D72 /* RoundTests.swift in Sources */,
				4FFAAA6A211F7A5200731D72 /* Game.swift in Sources */,
				4F4319B721205043004DD923 /* GameResultProvider.swift in Sources */,
				4FFAAA5E211F6A6100731D72 /* GenerateWordCollection.swift in Sources */,
				4FFAAA76211F8B1600731D72 /* ScoreProvidable.swift in Sources */,
				4FFAAA65211F727700731D72 /* Player.swift in Sources */,
				4F4319B621205040004DD923 /* GameResultProvidable.swift in Sources */,
				4FFAAA6D211F7FA900731D72 /* GameTests.swift in Sources */,
				4FFAA9A0211F186900731D72 /* WordTests.swift in Sources */,
				4FFAAA73211F86DD00731D72 /* ScoreProviderTests.swift in Sources */,
				4FFAAA5C211F69EC00731D72 /* WordParser.swift in Sources */,
				4FFAAA55211F3E9600731D72 /* RoundProvider.swift in Sources */,
				4FFAAA7C211F956900731D72 /* GameCreatable.swift in Sources */,
				4FFAAA62211F6FCF00731D72 /* NotificationKeysEnum.swift in Sources */,
				4FFAAA79211F94FD00731D72 /* GameInitializer.swift in Sources */,
				4FFAAA63211F724B00731D72 /* Notification+Name.swift in Sources */,
				4FFAAA70211F843200731D72 /* ScoreProvider.swift in Sources */,
				4FFAAA44211F2DC400731D72 /* Round.swift in Sources */,
				4FFAA9A1211F188B00731D72 /* Word.swift in Sources */,
			);
			runOnlyForDeploymentPostprocessing = 0;
		};
		4FF5908A211C314300A084BD /* Sources */ = {
			isa = PBXSourcesBuildPhase;
			buildActionMask = 2147483647;
			files = (
				4FF59093211C314300A084BD /* FallingWordsUITests.swift in Sources */,
			);
			runOnlyForDeploymentPostprocessing = 0;
		};
/* End PBXSourcesBuildPhase section */

/* Begin PBXTargetDependency section */
		4FF59085211C314300A084BD /* PBXTargetDependency */ = {
			isa = PBXTargetDependency;
			target = 4FF5906E211C314200A084BD /* FallingWords */;
			targetProxy = 4FF59084211C314300A084BD /* PBXContainerItemProxy */;
		};
		4FF59090211C314300A084BD /* PBXTargetDependency */ = {
			isa = PBXTargetDependency;
			target = 4FF5906E211C314200A084BD /* FallingWords */;
			targetProxy = 4FF5908F211C314300A084BD /* PBXContainerItemProxy */;
		};
/* End PBXTargetDependency section */

/* Begin PBXVariantGroup section */
		4FF59076211C314200A084BD /* Main.storyboard */ = {
			isa = PBXVariantGroup;
			children = (
				4FF59077211C314200A084BD /* Base */,
			);
			name = Main.storyboard;
			sourceTree = "<group>";
		};
		4FF5907B211C314300A084BD /* LaunchScreen.storyboard */ = {
			isa = PBXVariantGroup;
			children = (
				4FF5907C211C314300A084BD /* Base */,
			);
			name = LaunchScreen.storyboard;
			sourceTree = "<group>";
		};
/* End PBXVariantGroup section */

/* Begin XCBuildConfiguration section */
		4FF59095211C314300A084BD /* Debug */ = {
			isa = XCBuildConfiguration;
			buildSettings = {
				ALWAYS_SEARCH_USER_PATHS = NO;
				CLANG_ANALYZER_NONNULL = YES;
				CLANG_ANALYZER_NUMBER_OBJECT_CONVERSION = YES_AGGRESSIVE;
				CLANG_CXX_LANGUAGE_STANDARD = "gnu++14";
				CLANG_CXX_LIBRARY = "libc++";
				CLANG_ENABLE_MODULES = YES;
				CLANG_ENABLE_OBJC_ARC = YES;
				CLANG_ENABLE_OBJC_WEAK = YES;
				CLANG_WARN_BLOCK_CAPTURE_AUTORELEASING = YES;
				CLANG_WARN_BOOL_CONVERSION = YES;
				CLANG_WARN_COMMA = YES;
				CLANG_WARN_CONSTANT_CONVERSION = YES;
				CLANG_WARN_DEPRECATED_OBJC_IMPLEMENTATIONS = YES;
				CLANG_WARN_DIRECT_OBJC_ISA_USAGE = YES_ERROR;
				CLANG_WARN_DOCUMENTATION_COMMENTS = YES;
				CLANG_WARN_EMPTY_BODY = YES;
				CLANG_WARN_ENUM_CONVERSION = YES;
				CLANG_WARN_INFINITE_RECURSION = YES;
				CLANG_WARN_INT_CONVERSION = YES;
				CLANG_WARN_NON_LITERAL_NULL_CONVERSION = YES;
				CLANG_WARN_OBJC_IMPLICIT_RETAIN_SELF = YES;
				CLANG_WARN_OBJC_LITERAL_CONVERSION = YES;
				CLANG_WARN_OBJC_ROOT_CLASS = YES_ERROR;
				CLANG_WARN_RANGE_LOOP_ANALYSIS = YES;
				CLANG_WARN_STRICT_PROTOTYPES = YES;
				CLANG_WARN_SUSPICIOUS_MOVE = YES;
				CLANG_WARN_UNGUARDED_AVAILABILITY = YES_AGGRESSIVE;
				CLANG_WARN_UNREACHABLE_CODE = YES;
				CLANG_WARN__DUPLICATE_METHOD_MATCH = YES;
				CODE_SIGN_IDENTITY = "iPhone Developer";
				COPY_PHASE_STRIP = NO;
				DEBUG_INFORMATION_FORMAT = dwarf;
				ENABLE_STRICT_OBJC_MSGSEND = YES;
				ENABLE_TESTABILITY = YES;
				GCC_C_LANGUAGE_STANDARD = gnu11;
				GCC_DYNAMIC_NO_PIC = NO;
				GCC_NO_COMMON_BLOCKS = YES;
				GCC_OPTIMIZATION_LEVEL = 0;
				GCC_PREPROCESSOR_DEFINITIONS = (
					"DEBUG=1",
					"$(inherited)",
				);
				GCC_WARN_64_TO_32_BIT_CONVERSION = YES;
				GCC_WARN_ABOUT_RETURN_TYPE = YES_ERROR;
				GCC_WARN_UNDECLARED_SELECTOR = YES;
				GCC_WARN_UNINITIALIZED_AUTOS = YES_AGGRESSIVE;
				GCC_WARN_UNUSED_FUNCTION = YES;
				GCC_WARN_UNUSED_VARIABLE = YES;
				IPHONEOS_DEPLOYMENT_TARGET = 11.4;
				MTL_ENABLE_DEBUG_INFO = YES;
				ONLY_ACTIVE_ARCH = YES;
				SDKROOT = iphoneos;
				SWIFT_ACTIVE_COMPILATION_CONDITIONS = DEBUG;
				SWIFT_OPTIMIZATION_LEVEL = "-Onone";
			};
			name = Debug;
		};
		4FF59096211C314300A084BD /* Release */ = {
			isa = XCBuildConfiguration;
			buildSettings = {
				ALWAYS_SEARCH_USER_PATHS = NO;
				CLANG_ANALYZER_NONNULL = YES;
				CLANG_ANALYZER_NUMBER_OBJECT_CONVERSION = YES_AGGRESSIVE;
				CLANG_CXX_LANGUAGE_STANDARD = "gnu++14";
				CLANG_CXX_LIBRARY = "libc++";
				CLANG_ENABLE_MODULES = YES;
				CLANG_ENABLE_OBJC_ARC = YES;
				CLANG_ENABLE_OBJC_WEAK = YES;
				CLANG_WARN_BLOCK_CAPTURE_AUTORELEASING = YES;
				CLANG_WARN_BOOL_CONVERSION = YES;
				CLANG_WARN_COMMA = YES;
				CLANG_WARN_CONSTANT_CONVERSION = YES;
				CLANG_WARN_DEPRECATED_OBJC_IMPLEMENTATIONS = YES;
				CLANG_WARN_DIRECT_OBJC_ISA_USAGE = YES_ERROR;
				CLANG_WARN_DOCUMENTATION_COMMENTS = YES;
				CLANG_WARN_EMPTY_BODY = YES;
				CLANG_WARN_ENUM_CONVERSION = YES;
				CLANG_WARN_INFINITE_RECURSION = YES;
				CLANG_WARN_INT_CONVERSION = YES;
				CLANG_WARN_NON_LITERAL_NULL_CONVERSION = YES;
				CLANG_WARN_OBJC_IMPLICIT_RETAIN_SELF = YES;
				CLANG_WARN_OBJC_LITERAL_CONVERSION = YES;
				CLANG_WARN_OBJC_ROOT_CLASS = YES_ERROR;
				CLANG_WARN_RANGE_LOOP_ANALYSIS = YES;
				CLANG_WARN_STRICT_PROTOTYPES = YES;
				CLANG_WARN_SUSPICIOUS_MOVE = YES;
				CLANG_WARN_UNGUARDED_AVAILABILITY = YES_AGGRESSIVE;
				CLANG_WARN_UNREACHABLE_CODE = YES;
				CLANG_WARN__DUPLICATE_METHOD_MATCH = YES;
				CODE_SIGN_IDENTITY = "iPhone Developer";
				COPY_PHASE_STRIP = NO;
				DEBUG_INFORMATION_FORMAT = "dwarf-with-dsym";
				ENABLE_NS_ASSERTIONS = NO;
				ENABLE_STRICT_OBJC_MSGSEND = YES;
				GCC_C_LANGUAGE_STANDARD = gnu11;
				GCC_NO_COMMON_BLOCKS = YES;
				GCC_WARN_64_TO_32_BIT_CONVERSION = YES;
				GCC_WARN_ABOUT_RETURN_TYPE = YES_ERROR;
				GCC_WARN_UNDECLARED_SELECTOR = YES;
				GCC_WARN_UNINITIALIZED_AUTOS = YES_AGGRESSIVE;
				GCC_WARN_UNUSED_FUNCTION = YES;
				GCC_WARN_UNUSED_VARIABLE = YES;
				IPHONEOS_DEPLOYMENT_TARGET = 11.4;
				MTL_ENABLE_DEBUG_INFO = NO;
				SDKROOT = iphoneos;
				SWIFT_COMPILATION_MODE = wholemodule;
				SWIFT_OPTIMIZATION_LEVEL = "-O";
				VALIDATE_PRODUCT = YES;
			};
			name = Release;
		};
		4FF59098211C314300A084BD /* Debug */ = {
			isa = XCBuildConfiguration;
			baseConfigurationReference = 3DFBC83826860A4DA869862C /* Pods-FallingWords.debug.xcconfig */;
			buildSettings = {
				ASSETCATALOG_COMPILER_APPICON_NAME = AppIcon;
				CODE_SIGN_STYLE = Automatic;
				DEVELOPMENT_TEAM = JJ2B66P767;
				INFOPLIST_FILE = FallingWords/Info.plist;
				LD_RUNPATH_SEARCH_PATHS = (
					"$(inherited)",
					"@executable_path/Frameworks",
				);
				PRODUCT_BUNDLE_IDENTIFIER = bea.FallingWords;
				PRODUCT_NAME = "$(TARGET_NAME)";
				SWIFT_VERSION = 4.0;
				TARGETED_DEVICE_FAMILY = "1,2";
			};
			name = Debug;
		};
		4FF59099211C314300A084BD /* Release */ = {
			isa = XCBuildConfiguration;
			baseConfigurationReference = 316693A7D18963E511A24E0A /* Pods-FallingWords.release.xcconfig */;
			buildSettings = {
				ASSETCATALOG_COMPILER_APPICON_NAME = AppIcon;
				CODE_SIGN_STYLE = Automatic;
				DEVELOPMENT_TEAM = JJ2B66P767;
				INFOPLIST_FILE = FallingWords/Info.plist;
				LD_RUNPATH_SEARCH_PATHS = (
					"$(inherited)",
					"@executable_path/Frameworks",
				);
				PRODUCT_BUNDLE_IDENTIFIER = bea.FallingWords;
				PRODUCT_NAME = "$(TARGET_NAME)";
				SWIFT_VERSION = 4.0;
				TARGETED_DEVICE_FAMILY = "1,2";
			};
			name = Release;
		};
		4FF5909B211C314300A084BD /* Debug */ = {
			isa = XCBuildConfiguration;
			baseConfigurationReference = C85EB01D401A55E5A462A844 /* Pods-FallingWordsTests.debug.xcconfig */;
			buildSettings = {
				ALWAYS_EMBED_SWIFT_STANDARD_LIBRARIES = YES;
				BUNDLE_LOADER = "$(TEST_HOST)";
				CODE_SIGN_STYLE = Automatic;
				INFOPLIST_FILE = FallingWordsTests/Info.plist;
				LD_RUNPATH_SEARCH_PATHS = (
					"$(inherited)",
					"@executable_path/Frameworks",
					"@loader_path/Frameworks",
				);
				PRODUCT_BUNDLE_IDENTIFIER = bea.FallingWordsTests;
				PRODUCT_NAME = "$(TARGET_NAME)";
				SWIFT_VERSION = 4.0;
				TARGETED_DEVICE_FAMILY = "1,2";
				TEST_HOST = "$(BUILT_PRODUCTS_DIR)/FallingWords.app/FallingWords";
			};
			name = Debug;
		};
		4FF5909C211C314300A084BD /* Release */ = {
			isa = XCBuildConfiguration;
			baseConfigurationReference = 0082284EC2018A9EED24EA1E /* Pods-FallingWordsTests.release.xcconfig */;
			buildSettings = {
				ALWAYS_EMBED_SWIFT_STANDARD_LIBRARIES = YES;
				BUNDLE_LOADER = "$(TEST_HOST)";
				CODE_SIGN_STYLE = Automatic;
				INFOPLIST_FILE = FallingWordsTests/Info.plist;
				LD_RUNPATH_SEARCH_PATHS = (
					"$(inherited)",
					"@executable_path/Frameworks",
					"@loader_path/Frameworks",
				);
				PRODUCT_BUNDLE_IDENTIFIER = bea.FallingWordsTests;
				PRODUCT_NAME = "$(TARGET_NAME)";
				SWIFT_VERSION = 4.0;
				TARGETED_DEVICE_FAMILY = "1,2";
				TEST_HOST = "$(BUILT_PRODUCTS_DIR)/FallingWords.app/FallingWords";
			};
			name = Release;
		};
		4FF5909E211C314300A084BD /* Debug */ = {
			isa = XCBuildConfiguration;
			baseConfigurationReference = 5135ABE5CA7EC2731B6C17F6 /* Pods-FallingWordsUITests.debug.xcconfig */;
			buildSettings = {
				ALWAYS_EMBED_SWIFT_STANDARD_LIBRARIES = YES;
				CODE_SIGN_STYLE = Automatic;
				INFOPLIST_FILE = FallingWordsUITests/Info.plist;
				LD_RUNPATH_SEARCH_PATHS = (
					"$(inherited)",
					"@executable_path/Frameworks",
					"@loader_path/Frameworks",
				);
				PRODUCT_BUNDLE_IDENTIFIER = bea.FallingWordsUITests;
				PRODUCT_NAME = "$(TARGET_NAME)";
				SWIFT_VERSION = 4.0;
				TARGETED_DEVICE_FAMILY = "1,2";
				TEST_TARGET_NAME = FallingWords;
			};
			name = Debug;
		};
		4FF5909F211C314300A084BD /* Release */ = {
			isa = XCBuildConfiguration;
			baseConfigurationReference = CD72627E50CDA71C0095BEB2 /* Pods-FallingWordsUITests.release.xcconfig */;
			buildSettings = {
				ALWAYS_EMBED_SWIFT_STANDARD_LIBRARIES = YES;
				CODE_SIGN_STYLE = Automatic;
				INFOPLIST_FILE = FallingWordsUITests/Info.plist;
				LD_RUNPATH_SEARCH_PATHS = (
					"$(inherited)",
					"@executable_path/Frameworks",
					"@loader_path/Frameworks",
				);
				PRODUCT_BUNDLE_IDENTIFIER = bea.FallingWordsUITests;
				PRODUCT_NAME = "$(TARGET_NAME)";
				SWIFT_VERSION = 4.0;
				TARGETED_DEVICE_FAMILY = "1,2";
				TEST_TARGET_NAME = FallingWords;
			};
			name = Release;
		};
/* End XCBuildConfiguration section */

/* Begin XCConfigurationList section */
		4FF5906A211C314200A084BD /* Build configuration list for PBXProject "FallingWords" */ = {
			isa = XCConfigurationList;
			buildConfigurations = (
				4FF59095211C314300A084BD /* Debug */,
				4FF59096211C314300A084BD /* Release */,
			);
			defaultConfigurationIsVisible = 0;
			defaultConfigurationName = Release;
		};
		4FF59097211C314300A084BD /* Build configuration list for PBXNativeTarget "FallingWords" */ = {
			isa = XCConfigurationList;
			buildConfigurations = (
				4FF59098211C314300A084BD /* Debug */,
				4FF59099211C314300A084BD /* Release */,
			);
			defaultConfigurationIsVisible = 0;
			defaultConfigurationName = Release;
		};
		4FF5909A211C314300A084BD /* Build configuration list for PBXNativeTarget "FallingWordsTests" */ = {
			isa = XCConfigurationList;
			buildConfigurations = (
				4FF5909B211C314300A084BD /* Debug */,
				4FF5909C211C314300A084BD /* Release */,
			);
			defaultConfigurationIsVisible = 0;
			defaultConfigurationName = Release;
		};
		4FF5909D211C314300A084BD /* Build configuration list for PBXNativeTarget "FallingWordsUITests" */ = {
			isa = XCConfigurationList;
			buildConfigurations = (
				4FF5909E211C314300A084BD /* Debug */,
				4FF5909F211C314300A084BD /* Release */,
			);
			defaultConfigurationIsVisible = 0;
			defaultConfigurationName = Release;
		};
/* End XCConfigurationList section */
	};
	rootObject = 4FF59067211C314200A084BD /* Project object */;
}
